
Microsoft Visual Studio Solution File, Format Version 12.00
# Visual Studio Version 17
VisualStudioVersion = 17.1.32414.318
MinimumVisualStudioVersion = 10.0.40219.1
Project("{FAE04EC0-301F-11D3-BF4B-00C04F79EFBC}") = "AzeriChat", "AzeriChat.csproj", "{B3873126-AB38-4631-8A1E-6041EA93D964}"
EndProject
Global
	GlobalSection(SolutionConfigurationPlatforms) = preSolution
		Debug|Any CPU = Debug|Any CPU
		Release|Any CPU = Release|Any CPU
	EndGlobalSection
	GlobalSection(ProjectConfigurationPlatforms) = postSolution
		{B3873126-AB38-4631-8A1E-6041EA93D964}.Debug|Any CPU.ActiveCfg = Debug|Any CPU
		{B3873126-AB38-4631-8A1E-6041EA93D964}.Debug|Any CPU.Build.0 = Debug|Any CPU
		{B3873126-AB38-4631-8A1E-6041EA93D964}.Release|Any CPU.ActiveCfg = Release|Any CPU
		{B3873126-AB38-4631-8A1E-6041EA93D964}.Release|Any CPU.Build.0 = Release|Any CPU
	EndGlobalSection
	GlobalSection(SolutionProperties) = preSolution
		HideSolutionNode = FALSE
	EndGlobalSection
	GlobalSection(ExtensibilityGlobals) = postSolution
		SolutionGuid = {77AA677F-106D-4D68-95CE-6FDDC59B5EA5}
	EndGlobalSection
EndGlobal
